// !$*UTF8*$!
{
	archiveVersion = 1;
	classes = {
	};
	objectVersion = 46;
	objects = {

/* Begin PBXBuildFile section */
		08EBCDC113B19063002F0484 /* UIKit.framework in Frameworks */ = {isa = PBXBuildFile; fileRef = 08EBCDC013B19063002F0484 /* UIKit.framework */; };
		08EBCDC313B19063002F0484 /* Foundation.framework in Frameworks */ = {isa = PBXBuildFile; fileRef = 08EBCDC213B19063002F0484 /* Foundation.framework */; };
		08EBCDC513B19063002F0484 /* CoreGraphics.framework in Frameworks */ = {isa = PBXBuildFile; fileRef = 08EBCDC413B19063002F0484 /* CoreGraphics.framework */; };
		08EBCDCB13B19063002F0484 /* InfoPlist.strings in Resources */ = {isa = PBXBuildFile; fileRef = 08EBCDC913B19063002F0484 /* InfoPlist.strings */; };
		08EBCDCD13B19063002F0484 /* main.m in Sources */ = {isa = PBXBuildFile; fileRef = 08EBCDCC13B19063002F0484 /* main.m */; };
		08EBCDD113B19064002F0484 /* ___APPDELEGATE___.m in Sources */ = {isa = PBXBuildFile; fileRef = 08EBCDD013B19064002F0484 /* ___APPDELEGATE___.m */; };
/* End PBXBuildFile section */

/* Begin PBXFileReference section */
		08EBCDBC13B19063002F0484 /* ___PROJECTNAME___.app */ = {isa = PBXFileReference; explicitFileType = wrapper.application; includeInIndex = 0; path = "___PROJECTNAME___.app"; sourceTree = BUILT_PRODUCTS_DIR; };
		08EBCDC013B19063002F0484 /* UIKit.framework */ = {isa = PBXFileReference; lastKnownFileType = wrapper.framework; name = UIKit.framework; path = System/Library/Frameworks/UIKit.framework; sourceTree = SDKROOT; };
		08EBCDC213B19063002F0484 /* Foundation.framework */ = {isa = PBXFileReference; lastKnownFileType = wrapper.framework; name = Foundation.framework; path = System/Library/Frameworks/Foundation.framework; sourceTree = SDKROOT; };
		08EBCDC413B19063002F0484 /* CoreGraphics.framework */ = {isa = PBXFileReference; lastKnownFileType = wrapper.framework; name = CoreGraphics.framework; path = System/Library/Frameworks/CoreGraphics.framework; sourceTree = SDKROOT; };
		08EBCDC813B19063002F0484 /* ___PROJECTNAME___-Info.plist */ = {isa = PBXFileReference; lastKnownFileType = text.plist.xml; path = "___PROJECTNAME___-Info.plist"; sourceTree = "<group>"; };
		08EBCDCA13B19063002F0484 /* en */ = {isa = PBXFileReference; lastKnownFileType = text.plist.strings; name = en; path = en.lproj/InfoPlist.strings; sourceTree = "<group>"; };
		08EBCDCC13B19063002F0484 /* main.m */ = {isa = PBXFileReference; lastKnownFileType = sourcecode.c.objc; path = main.m; sourceTree = "<group>"; };
		08EBCDCE13B19063002F0484 /* ___PROJECTNAME___-Prefix.pch */ = {isa = PBXFileReference; lastKnownFileType = sourcecode.c.h; path = "___PROJECTNAME___-Prefix.pch"; sourceTree = "<group>"; };
		08EBCDCF13B19064002F0484 /* ___APPDELEGATE___.h */ = {isa = PBXFileReference; lastKnownFileType = sourcecode.c.h; path = ___APPDELEGATE___.h; sourceTree = "<group>"; };
		08EBCDD013B19064002F0484 /* ___APPDELEGATE___.m */ = {isa = PBXFileReference; lastKnownFileType = sourcecode.c.objc; path = ___APPDELEGATE___.m; sourceTree = "<group>"; };
/* End PBXFileReference section */

/* Begin PBXFrameworksBuildPhase section */
		08EBCDB913B19063002F0484 /* Frameworks */ = {
			isa = PBXFrameworksBuildPhase;
			buildActionMask = 2147483647;
			files = (
				08EBCDC113B19063002F0484 /* UIKit.framework in Frameworks */,
				08EBCDC313B19063002F0484 /* Foundation.framework in Frameworks */,
				08EBCDC513B19063002F0484 /* CoreGraphics.framework in Frameworks */,
			);
			runOnlyForDeploymentPostprocessing = 0;
		};
/* End PBXFrameworksBuildPhase section */

/* Begin PBXGroup section */
		08EBCDB113B19063002F0484 = {
			isa = PBXGroup;
			children = (
				08EBCDC613B19063002F0484 /* ___PROJECTNAME___ */,
				08EBCDBF13B19063002F0484 /* Frameworks */,
				08EBCDBD13B19063002F0484 /* Products */,
			);
			sourceTree = "<group>";
		};
		08EBCDBD13B19063002F0484 /* Products */ = {
			isa = PBXGroup;
			children = (
				08EBCDBC13B19063002F0484 /* ___PROJECTNAME___.app */,
			);
			name = Products;
			sourceTree = "<group>";
		};
		08EBCDBF13B19063002F0484 /* Frameworks */ = {
			isa = PBXGroup;
			children = (
				08EBCDC013B19063002F0484 /* UIKit.framework */,
				08EBCDC213B19063002F0484 /* Foundation.framework */,
				08EBCDC413B19063002F0484 /* CoreGraphics.framework */,
			);
			name = Frameworks;
			sourceTree = "<group>";
		};
		08EBCDC613B19063002F0484 /* ___PROJECTNAME___ */ = {
			isa = PBXGroup;
			children = (
				08EBCDCF13B19064002F0484 /* ___APPDELEGATE___.h */,
				08EBCDD013B19064002F0484 /* ___APPDELEGATE___.m */,
				08EBCDC713B19063002F0484 /* Supporting Files */,
			);
			path = "___PROJECTNAME___";
			sourceTree = "<group>";
		};
		08EBCDC713B19063002F0484 /* Supporting Files */ = {
			isa = PBXGroup;
			children = (
				08EBCDC813B19063002F0484 /* ___PROJECTNAME___-Info.plist */,
				08EBCDCE13B19063002F0484 /* ___PROJECTNAME___-Prefix.pch */,
				08EBCDC913B19063002F0484 /* InfoPlist.strings */,
				08EBCDCC13B19063002F0484 /* main.m */,
			);
			name = "Supporting Files";
			sourceTree = "<group>";
		};
/* End PBXGroup section */

/* Begin PBXNativeTarget section */
		08EBCDBB13B19063002F0484 /* ___PROJECTNAME___ */ = {
			isa = PBXNativeTarget;
			buildConfigurationList = 08EBCDD413B19064002F0484 /* Build configuration list for PBXNativeTarget "___PROJECTNAME___" */;
			buildPhases = (
				08EBCDB813B19063002F0484 /* Sources */,
				08EBCDB913B19063002F0484 /* Frameworks */,
				08EBCDBA13B19063002F0484 /* Resources */,
			);
			buildRules = (
			);
			dependencies = (
			);
			name = "___PROJECTNAME___";
			productName = "___PROJECTNAMEASIDENTIFIER___";
			productReference = 08EBCDBC13B19063002F0484 /* ___PROJECTNAME___.app */;
			productType = "com.apple.product-type.application";
		};
/* End PBXNativeTarget section */

/* Begin PBXProject section */
		08EBCDB313B19063002F0484 /* Project object */ = {
			isa = PBXProject;
			attributes = {
				ORGANIZATIONNAME = "___ORGANIZATIONNAME___";
			};
			buildConfigurationList = 08EBCDB613B19063002F0484 /* Build configuration list for PBXProject "___PROJECTNAME___" */;
			compatibilityVersion = "Xcode 3.2";
			developmentRegion = English;
			hasScannedForEncodings = 0;
			knownRegions = (
				en,
			);
			mainGroup = 08EBCDB113B19063002F0484;
			productRefGroup = 08EBCDBD13B19063002F0484 /* Products */;
			projectDirPath = "";
			projectRoot = "";
			targets = (
				08EBCDBB13B19063002F0484 /* ___PROJECTNAME___ */,
			);
		};
/* End PBXProject section */

/* Begin PBXResourcesBuildPhase section */
		08EBCDBA13B19063002F0484 /* Resources */ = {
			isa = PBXResourcesBuildPhase;
			buildActionMask = 2147483647;
			files = (
				08EBCDCB13B19063002F0484 /* InfoPlist.strings in Resources */,
			);
			runOnlyForDeploymentPostprocessing = 0;
		};
/* End PBXResourcesBuildPhase section */

/* Begin PBXSourcesBuildPhase section */
		08EBCDB813B19063002F0484 /* Sources */ = {
			isa = PBXSourcesBuildPhase;
			buildActionMask = 2147483647;
			files = (
				08EBCDCD13B19063002F0484 /* main.m in Sources */,
				08EBCDD113B19064002F0484 /* ___APPDELEGATE___.m in Sources */,
			);
			runOnlyForDeploymentPostprocessing = 0;
		};
/* End PBXSourcesBuildPhase section */

/* Begin PBXVariantGroup section */
		08EBCDC913B19063002F0484 /* InfoPlist.strings */ = {
			isa = PBXVariantGroup;
			children = (
				08EBCDCA13B19063002F0484 /* en */,
			);
			name = InfoPlist.strings;
			sourceTree = "<group>";
		};
/* End PBXVariantGroup section */

/* Begin XCBuildConfiguration section */
		08EBCDD213B19064002F0484 /* Debug */ = {
			isa = XCBuildConfiguration;
			buildSettings = {
				ALWAYS_SEARCH_USER_PATHS = NO;
				ARCHS = "$(ARCHS_STANDARD_32_BIT)";
				CLANG_ENABLE_OBJC_ARC = YES;
				"CODE_SIGN_IDENTITY[sdk=iphoneos*]" = "iPhone Developer";
				COPY_PHASE_STRIP = NO;
				GCC_C_LANGUAGE_STANDARD = gnu99;
				GCC_DYNAMIC_NO_PIC = NO;
				GCC_OPTIMIZATION_LEVEL = 0;
				GCC_PREPROCESSOR_DEFINITIONS = (
					"DEBUG=1",
					"$(inherited)",
				);
				GCC_SYMBOLS_PRIVATE_EXTERN = NO;
				GCC_VERSION = com.apple.compilers.llvm.clang.1_0;
				GCC_WARN_ABOUT_MISSING_PROTOTYPES = YES;
				GCC_WARN_ABOUT_RETURN_TYPE = YES;
				GCC_WARN_UNUSED_VARIABLE = YES;
				IPHONEOS_DEPLOYMENT_TARGET = 5.0;
				SDKROOT = iphoneos;
			};
			name = Debug;
		};
		08EBCDD313B19064002F0484 /* Release */ = {
			isa = XCBuildConfiguration;
			buildSettings = {
				ALWAYS_SEARCH_USER_PATHS = NO;
				ARCHS = "$(ARCHS_STANDARD_32_BIT)";
				CLANG_ENABLE_OBJC_ARC = YES;
				"CODE_SIGN_IDENTITY[sdk=iphoneos*]" = "iPhone Developer";
				COPY_PHASE_STRIP = YES;
				GCC_C_LANGUAGE_STANDARD = gnu99;
				GCC_VERSION = com.apple.compilers.llvm.clang.1_0;
				GCC_WARN_ABOUT_MISSING_PROTOTYPES = YES;
				GCC_WARN_ABOUT_RETURN_TYPE = YES;
				GCC_WARN_UNUSED_VARIABLE = YES;
				IPHONEOS_DEPLOYMENT_TARGET = 5.0;
				OTHER_CFLAGS = "-DNS_BLOCK_ASSERTIONS=1";
				SDKROOT = iphoneos;
				VALIDATE_PRODUCT = YES;
			};
			name = Release;
		};
		08EBCDD513B19064002F0484 /* Debug */ = {
			isa = XCBuildConfiguration;
			buildSettings = {
				GCC_PRECOMPILE_PREFIX_HEADER = YES;
				GCC_PREFIX_HEADER = "___PROJECTNAME___/___PROJECTNAME___-Prefix.pch";
				INFOPLIST_FILE = "___PROJECTNAME___/___PROJECTNAME___-Info.plist";
				PRODUCT_NAME = "$(TARGET_NAME)";
				WRAPPER_EXTENSION = app;
			};
			name = Debug;
		};
		08EBCDD613B19064002F0484 /* Release */ = {
			isa = XCBuildConfiguration;
			buildSettings = {
				GCC_PRECOMPILE_PREFIX_HEADER = YES;
				GCC_PREFIX_HEADER = "___PROJECTNAME___/___PROJECTNAME___-Prefix.pch";
				INFOPLIST_FILE = "___PROJECTNAME___/___PROJECTNAME___-Info.plist";
				PRODUCT_NAME = "$(TARGET_NAME)";
				WRAPPER_EXTENSION = app;
			};
			name = Release;
		};
/* End XCBuildConfiguration section */

/* Begin XCConfigurationList section */
		08EBCDB613B19063002F0484 /* Build configuration list for PBXProject "___PROJECTNAME___" */ = {
			isa = XCConfigurationList;
			buildConfigurations = (
				08EBCDD213B19064002F0484 /* Debug */,
				08EBCDD313B19064002F0484 /* Release */,
			);
			defaultConfigurationIsVisible = 0;
			defaultConfigurationName = Release;
		};
		08EBCDD413B19064002F0484 /* Build configuration list for PBXNativeTarget "___PROJECTNAME___" */ = {
			isa = XCConfigurationList;
			buildConfigurations = (
				08EBCDD513B19064002F0484 /* Debug */,
				08EBCDD613B19064002F0484 /* Release */,
			);
			defaultConfigurationIsVisible = 0;
			defaultConfigurationName = Release;
		};
/* End XCConfigurationList section */
	};
	rootObject = 08EBCDB313B19063002F0484 /* Project object */;
}
